<?xml version="1.0" encoding="utf-8"?>
<Project xmlns="http://schemas.microsoft.com/developer/msbuild/2003">
  <ItemGroup>
    <Filter Include="Generated Files">
      <UniqueIdentifier>{71ED8ED8-ACB9-4CE9-BBE1-E00B30144E11}</UniqueIdentifier>
      <Extensions>cpp;c;cxx;moc;h;def;odl;idl;res;</Extensions>
    </Filter>
    <Filter Include="Generated Files">
      <UniqueIdentifier>{71ED8ED8-ACB9-4CE9-BBE1-E00B30144E11}</UniqueIdentifier>
      <Extensions>cpp;c;cxx;moc;h;def;odl;idl;res;</Extensions>
    </Filter>
    <Filter Include="Resource Files">
      <UniqueIdentifier>{D9D6E242-F8AF-46E4-B9FD-80ECBC20BA3E}</UniqueIdentifier>
      <Extensions>qrc;*</Extensions>
      <ParseFiles>false</ParseFiles>
    </Filter>
    <Filter Include="Resource Files">
      <UniqueIdentifier>{D9D6E242-F8AF-46E4-B9FD-80ECBC20BA3E}</UniqueIdentifier>
      <Extensions>qrc;*</Extensions>
      <ParseFiles>false</ParseFiles>
    </Filter>
    <Filter Include="Source Files">
      <UniqueIdentifier>{4FC737F1-C7A5-4376-A066-2A32D752A2FF}</UniqueIdentifier>
      <Extensions>cpp;c;cxx;def;odl;idl;hpj;bat;asm;asmx</Extensions>
    </Filter>
    <Filter Include="Source Files">
      <UniqueIdentifier>{4FC737F1-C7A5-4376-A066-2A32D752A2FF}</UniqueIdentifier>
      <Extensions>cpp;c;cxx;def;odl;idl;hpj;bat;asm;asmx</Extensions>
    </Filter>
  </ItemGroup>
  <ItemGroup>
    <ClCompile Include="wearable.cpp">
      <Filter>Source Files</Filter>
    </ClCompile>
  </ItemGroup>
  <ItemGroup>
    <CustomBuild Include="debug\moc_predefs.h.cbt">
      <Filter>Generated Files</Filter>
    </CustomBuild>
    <CustomBuild Include="release\moc_predefs.h.cbt">
      <Filter>Generated Files</Filter>
    </CustomBuild>
    
    
  </ItemGroup>
  <ItemGroup>
    <None Include="qml\WorldClock\Clock.qml">
      <Filter>Resource Files</Filter>
    </None>
    <None Include="qml\DemoMode.qml">
      <Filter>Resource Files</Filter>
    </None>
    <None Include="qml\DemoModeIndicator.qml">
      <Filter>Resource Files</Filter>
    </None>
    <None Include="qml\Diametr\DiametrPage.qml">
      <Filter>Resource Files</Filter>
    </None>
    <None Include="qml\Fitness\FitnessPage.qml">
      <Filter>Resource Files</Filter>
    </None>
    <None Include="qml\LauncherPage.qml">
      <Filter>Resource Files</Filter>
    </None>
    <None Include="qml\NaviButton.qml">
      <Filter>Resource Files</Filter>
    </None>
    <None Include="qml\Navigation\NavigationPage.qml">
      <Filter>Resource Files</Filter>
    </None>
    <None Include="qml\Notifications\NotificationsPage.qml">
      <Filter>Resource Files</Filter>
    </None>
    <None Include="qml\Style\PageIndicator.qml">
      <Filter>Resource Files</Filter>
    </None>
    <None Include="qml\Navigation\RouteElement.qml">
      <Filter>Resource Files</Filter>
    </None>
    <None Include="qml\Settings\SettingsPage.qml">
      <Filter>Resource Files</Filter>
    </None>
    <None Include="qml\Style\Slider.qml">
      <Filter>Resource Files</Filter>
    </None>
    <None Include="qml\SwipeViewPage.qml">
      <Filter>Resource Files</Filter>
    </None>
    <None Include="qml\Style\Switch.qml">
      <Filter>Resource Files</Filter>
    </None>
    <None Include="qml\Style\UIStyle.qml">
      <Filter>Resource Files</Filter>
    </None>
    <None Include="qml\Weather\WeatherPage.qml">
      <Filter>Resource Files</Filter>
    </None>
    <None Include="qml\WorldClock\WorldClockPage.qml">
      <Filter>Resource Files</Filter>
    </None>
    <None Include="qml\Notifications\images\avatarf-dark.png">
      <Filter>Resource Files</Filter>
    </None>
    <None Include="qml\Notifications\images\avatarf-dark@2x.png">
      <Filter>Resource Files</Filter>
    </None>
    <None Include="qml\Notifications\images\avatarf-light.png">
      <Filter>Resource Files</Filter>
    </None>
    <None Include="qml\Notifications\images\avatarf-light@2x.png">
      <Filter>Resource Files</Filter>
    </None>
    <None Include="qml\Notifications\images\avatarm-dark.png">
      <Filter>Resource Files</Filter>
    </None>
    <None Include="qml\Notifications\images\avatarm-dark@2x.png">
      <Filter>Resource Files</Filter>
    </None>
    <None Include="qml\Notifications\images\avatarm-light.png">
      <Filter>Resource Files</Filter>
    </None>
    <None Include="qml\Notifications\images\avatarm-light@2x.png">
      <Filter>Resource Files</Filter>
    </None>
    <None Include="images\back.png">
      <Filter>Resource Files</Filter>
    </None>
    <None Include="images\back@2x.png">
      <Filter>Resource Files</Filter>
    </None>
    <None Include="images\background-dark.png">
      <Filter>Resource Files</Filter>
    </None>
    <None Include="images\background-light.png">
      <Filter>Resource Files</Filter>
    </None>
    <None Include="qml\Settings\images\bluetooth-dark.png">
      <Filter>Resource Files</Filter>
    </None>
    <None Include="qml\Settings\images\bluetooth-dark@2x.png">
      <Filter>Resource Files</Filter>
    </None>
    <None Include="qml\Settings\images\bluetooth-light.png">
      <Filter>Resource Files</Filter>
    </None>
    <None Include="qml\Settings\images\bluetooth-light@2x.png">
      <Filter>Resource Files</Filter>
    </None>
    <None Include="qml\Settings\images\brightness-dark.png">
      <Filter>Resource Files</Filter>
    </None>
    <None Include="qml\Settings\images\brightness-dark@2x.png">
      <Filter>Resource Files</Filter>
    </None>
    <None Include="qml\Settings\images\brightness-light.png">
      <Filter>Resource Files</Filter>
    </None>
    <None Include="qml\Settings\images\brightness-light@2x.png">
      <Filter>Resource Files</Filter>
    </None>
    <None Include="qml\WorldClock\images\center.png">
      <Filter>Resource Files</Filter>
    </None>
    <None Include="qml\WorldClock\images\center@2x.png">
      <Filter>Resource Files</Filter>
    </None>
    <None Include="qml\Settings\images\demo-mode-dark.png">
      <Filter>Resource Files</Filter>
    </None>
    <None Include="qml\Settings\images\demo-mode-dark@2x.png">
      <Filter>Resource Files</Filter>
    </None>
    <None Include="qml\Settings\images\demo-mode-light.png">
      <Filter>Resource Files</Filter>
    </None>
    <None Include="qml\Settings\images\demo-mode-light@2x.png">
      <Filter>Resource Files</Filter>
    </None>
    <None Include="qml\Settings\images\demo-mode-white.png">
      <Filter>Resource Files</Filter>
    </None>
    <None Include="qml\Settings\images\demo-mode-white@2x.png">
      <Filter>Resource Files</Filter>
    </None>
    <None Include="icons\wearable\36x36@2\diametr.png">
      <Filter>Resource Files</Filter>
    </None>
    <None Include="icons\wearable\36x36\diametr.png">
      <Filter>Resource Files</Filter>
    </None>
    <None Include="qml\Navigation\images\end.png">
      <Filter>Resource Files</Filter>
    </None>
    <None Include="qml\Navigation\images\end@2x.png">
      <Filter>Resource Files</Filter>
    </None>
    <None Include="qml\Fitness\fitness.js">
      <Filter>Resource Files</Filter>
    </None>
    <None Include="icons\wearable\36x36@2\fitness.png">
      <Filter>Resource Files</Filter>
    </None>
    <None Include="icons\wearable\36x36\fitness.png">
      <Filter>Resource Files</Filter>
    </None>
    <None Include="images\home.png">
      <Filter>Resource Files</Filter>
    </None>
    <None Include="images\home@2x.png">
      <Filter>Resource Files</Filter>
    </None>
    <None Include="qml\Weather\images\humidity-dark.png">
      <Filter>Resource Files</Filter>
    </None>
    <None Include="qml\Weather\images\humidity-dark@2x.png">
      <Filter>Resource Files</Filter>
    </None>
    <None Include="qml\Weather\images\humidity-light.png">
      <Filter>Resource Files</Filter>
    </None>
    <None Include="qml\Weather\images\humidity-light@2x.png">
      <Filter>Resource Files</Filter>
    </None>
    <None Include="icons\wearable\index.theme">
      <Filter>Resource Files</Filter>
    </None>
    <None Include="qml\Navigation\images\leftturn-dark.png">
      <Filter>Resource Files</Filter>
    </None>
    <None Include="qml\Navigation\images\leftturn-dark@2x.png">
      <Filter>Resource Files</Filter>
    </None>
    <None Include="qml\Navigation\images\leftturn-light.png">
      <Filter>Resource Files</Filter>
    </None>
    <None Include="qml\Navigation\images\leftturn-light@2x.png">
      <Filter>Resource Files</Filter>
    </None>
    <None Include="qml\Fitness\images\man-running-dark.png">
      <Filter>Resource Files</Filter>
    </None>
    <None Include="qml\Fitness\images\man-running-dark@2x.png">
      <Filter>Resource Files</Filter>
    </None>
    <None Include="qml\Fitness\images\man-running-light.png">
      <Filter>Resource Files</Filter>
    </None>
    <None Include="qml\Fitness\images\man-running-light@2x.png">
      <Filter>Resource Files</Filter>
    </None>
    <None Include="qml\Fitness\images\man-walking-dark.png">
      <Filter>Resource Files</Filter>
    </None>
    <None Include="qml\Fitness\images\man-walking-dark@2x.png">
      <Filter>Resource Files</Filter>
    </None>
    <None Include="qml\Fitness\images\man-walking-light.png">
      <Filter>Resource Files</Filter>
    </None>
    <None Include="qml\Fitness\images\man-walking-light@2x.png">
      <Filter>Resource Files</Filter>
    </None>
    <None Include="qml\Notifications\images\missedcall-dark.png">
      <Filter>Resource Files</Filter>
    </None>
    <None Include="qml\Notifications\images\missedcall-dark@2x.png">
      <Filter>Resource Files</Filter>
    </None>
    <None Include="qml\Notifications\images\missedcall-light.png">
      <Filter>Resource Files</Filter>
    </None>
    <None Include="qml\Notifications\images\missedcall-light@2x.png">
      <Filter>Resource Files</Filter>
    </None>
    <None Include="qml\Navigation\images\navigation-dark.png">
      <Filter>Resource Files</Filter>
    </None>
    <None Include="qml\Navigation\images\navigation-dark@2x.png">
      <Filter>Resource Files</Filter>
    </None>
    <None Include="qml\Navigation\images\navigation-light.png">
      <Filter>Resource Files</Filter>
    </None>
    <None Include="qml\Navigation\images\navigation-light@2x.png">
      <Filter>Resource Files</Filter>
    </None>
    <None Include="qml\Navigation\navigation.js">
      <Filter>Resource Files</Filter>
    </None>
    <None Include="icons\wearable\36x36@2\navigation.png">
      <Filter>Resource Files</Filter>
    </None>
    <None Include="icons\wearable\36x36\navigation.png">
      <Filter>Resource Files</Filter>
    </None>
    <None Include="qml\Notifications\notifications.js">
      <Filter>Resource Files</Filter>
    </None>
    <None Include="icons\wearable\36x36@2\notifications.png">
      <Filter>Resource Files</Filter>
    </None>
    <None Include="icons\wearable\36x36\notifications.png">
      <Filter>Resource Files</Filter>
    </None>
    <None Include="qml\Weather\images\pressure-dark.png">
      <Filter>Resource Files</Filter>
    </None>
    <None Include="qml\Weather\images\pressure-dark@2x.png">
      <Filter>Resource Files</Filter>
    </None>
    <None Include="qml\Weather\images\pressure-light.png">
      <Filter>Resource Files</Filter>
    </None>
    <None Include="qml\Weather\images\pressure-light@2x.png">
      <Filter>Resource Files</Filter>
    </None>
    <None Include="qml\Style\qmldir">
      <Filter>Resource Files</Filter>
    </None>
    <None Include="qml\Navigation\images\rightturn-dark.png">
      <Filter>Resource Files</Filter>
    </None>
    <None Include="qml\Navigation\images\rightturn-dark@2x.png">
      <Filter>Resource Files</Filter>
    </None>
    <None Include="qml\Navigation\images\rightturn-light.png">
      <Filter>Resource Files</Filter>
    </None>
    <None Include="qml\Navigation\images\rightturn-light@2x.png">
      <Filter>Resource Files</Filter>
    </None>
    <None Include="qml\WorldClock\images\second.png">
      <Filter>Resource Files</Filter>
    </None>
    <None Include="qml\WorldClock\images\second@2x.png">
      <Filter>Resource Files</Filter>
    </None>
    <None Include="icons\wearable\36x36@2\settings.png">
      <Filter>Resource Files</Filter>
    </None>
    <None Include="icons\wearable\36x36\settings.png">
      <Filter>Resource Files</Filter>
    </None>
    <None Include="qml\Navigation\images\start.png">
      <Filter>Resource Files</Filter>
    </None>
    <None Include="qml\Navigation\images\start@2x.png">
      <Filter>Resource Files</Filter>
    </None>
    <None Include="qml\Navigation\images\straight-dark.png">
      <Filter>Resource Files</Filter>
    </None>
    <None Include="qml\Navigation\images\straight-dark@2x.png">
      <Filter>Resource Files</Filter>
    </None>
    <None Include="qml\Navigation\images\straight-light.png">
      <Filter>Resource Files</Filter>
    </None>
    <None Include="qml\Navigation\images\straight-light@2x.png">
      <Filter>Resource Files</Filter>
    </None>
    <None Include="qml\Weather\images\sunrise-dark.png">
      <Filter>Resource Files</Filter>
    </None>
    <None Include="qml\Weather\images\sunrise-dark@2x.png">
      <Filter>Resource Files</Filter>
    </None>
    <None Include="qml\Weather\images\sunrise-light.png">
      <Filter>Resource Files</Filter>
    </None>
    <None Include="qml\Weather\images\sunrise-light@2x.png">
      <Filter>Resource Files</Filter>
    </None>
    <None Include="qml\Weather\images\sunset-dark.png">
      <Filter>Resource Files</Filter>
    </None>
    <None Include="qml\Weather\images\sunset-dark@2x.png">
      <Filter>Resource Files</Filter>
    </None>
    <None Include="qml\Weather\images\sunset-light.png">
      <Filter>Resource Files</Filter>
    </None>
    <None Include="qml\Weather\images\sunset-light@2x.png">
      <Filter>Resource Files</Filter>
    </None>
    <None Include="qml\WorldClock\images\swissdaydial.png">
      <Filter>Resource Files</Filter>
    </None>
    <None Include="qml\WorldClock\images\swissdaydial@2x.png">
      <Filter>Resource Files</Filter>
    </None>
    <None Include="qml\WorldClock\images\swissdayhour.png">
      <Filter>Resource Files</Filter>
    </None>
    <None Include="qml\WorldClock\images\swissdayhour@2x.png">
      <Filter>Resource Files</Filter>
    </None>
    <None Include="qml\WorldClock\images\swissdayminute.png">
      <Filter>Resource Files</Filter>
    </None>
    <None Include="qml\WorldClock\images\swissdayminute@2x.png">
      <Filter>Resource Files</Filter>
    </None>
    <None Include="qml\WorldClock\images\swissnightdial.png">
      <Filter>Resource Files</Filter>
    </None>
    <None Include="qml\WorldClock\images\swissnightdial@2x.png">
      <Filter>Resource Files</Filter>
    </None>
    <None Include="qml\WorldClock\images\swissnighthour.png">
      <Filter>Resource Files</Filter>
    </None>
    <None Include="qml\WorldClock\images\swissnighthour@2x.png">
      <Filter>Resource Files</Filter>
    </None>
    <None Include="qml\WorldClock\images\swissnightminute.png">
      <Filter>Resource Files</Filter>
    </None>
    <None Include="qml\WorldClock\images\swissnightminute@2x.png">
      <Filter>Resource Files</Filter>
    </None>
    <None Include="qml\Weather\images\temperature-dark.png">
      <Filter>Resource Files</Filter>
    </None>
    <None Include="qml\Weather\images\temperature-dark@2x.png">
      <Filter>Resource Files</Filter>
    </None>
    <None Include="qml\Weather\images\temperature-light.png">
      <Filter>Resource Files</Filter>
    </None>
    <None Include="qml\Weather\images\temperature-light@2x.png">
      <Filter>Resource Files</Filter>
    </None>
    <None Include="qml\Settings\images\theme-dark.png">
      <Filter>Resource Files</Filter>
    </None>
    <None Include="qml\Settings\images\theme-dark@2x.png">
      <Filter>Resource Files</Filter>
    </None>
    <None Include="qml\Settings\images\theme-light.png">
      <Filter>Resource Files</Filter>
    </None>
    <None Include="qml\Settings\images\theme-light@2x.png">
      <Filter>Resource Files</Filter>
    </None>
    <None Include="qml\Navigation\images\uturn.png">
      <Filter>Resource Files</Filter>
    </None>
    <None Include="qml\Navigation\images\uturn@2x.png">
      <Filter>Resource Files</Filter>
    </None>
    <None Include="qml\Navigation\walk_route.json">
      <Filter>Resource Files</Filter>
    </None>
    <None Include="wearable.qml">
      <Filter>Resource Files</Filter>
    </None>
    <QtRcc Include="wearable.qrc">
      <Filter>Resource Files</Filter>
    </QtRcc>
    <None Include="qml\Weather\weather.json">
      <Filter>Resource Files</Filter>
    </None>
    <None Include="qml\Weather\weather.js">
      <Filter>Resource Files</Filter>
    </None>
    <None Include="icons\wearable\36x36@2\weather.png">
      <Filter>Resource Files</Filter>
    </None>
    <None Include="icons\wearable\36x36\weather.png">
      <Filter>Resource Files</Filter>
    </None>
    <None Include="qml\Settings\images\wifi-dark.png">
      <Filter>Resource Files</Filter>
    </None>
    <None Include="qml\Settings\images\wifi-dark@2x.png">
      <Filter>Resource Files</Filter>
    </None>
    <None Include="qml\Settings\images\wifi-light.png">
      <Filter>Resource Files</Filter>
    </None>
    <None Include="qml\Settings\images\wifi-light@2x.png">
      <Filter>Resource Files</Filter>
    </None>
    <None Include="qml\Weather\images\wind-dark.png">
      <Filter>Resource Files</Filter>
    </None>
    <None Include="qml\Weather\images\wind-dark@2x.png">
      <Filter>Resource Files</Filter>
    </None>
    <None Include="qml\Weather\images\wind-light.png">
      <Filter>Resource Files</Filter>
    </None>
    <None Include="qml\Weather\images\wind-light@2x.png">
      <Filter>Resource Files</Filter>
    </None>
    <None Include="icons\wearable\36x36@2\worldclock.png">
      <Filter>Resource Files</Filter>
    </None>
    <None Include="icons\wearable\36x36\worldclock.png">
      <Filter>Resource Files</Filter>
    </None>
  </ItemGroup>
</Project>